
Microsoft Visual Studio Solution File, Format Version 12.00
# Visual Studio 15
VisualStudioVersion = 15.0.27004.2005
MinimumVisualStudioVersion = 10.0.40219.1
Project("{FAE04EC0-301F-11D3-BF4B-00C04F79EFBC}") = "NetbizzzCore2", "NetbizzzCore2\NetbizzzCore2.csproj", "{C787D9DD-1557-461C-A2A0-54427F877A2E}"
EndProject
Global
	GlobalSection(SolutionConfigurationPlatforms) = preSolution
		Debug|Any CPU = Debug|Any CPU
		Release|Any CPU = Release|Any CPU
	EndGlobalSection
	GlobalSection(ProjectConfigurationPlatforms) = postSolution
		{C787D9DD-1557-461C-A2A0-54427F877A2E}.Debug|Any CPU.ActiveCfg = Debug|Any CPU
		{C787D9DD-1557-461C-A2A0-54427F877A2E}.Debug|Any CPU.Build.0 = Debug|Any CPU
		{C787D9DD-1557-461C-A2A0-54427F877A2E}.Release|Any CPU.ActiveCfg = Release|Any CPU
		{C787D9DD-1557-461C-A2A0-54427F877A2E}.Release|Any CPU.Build.0 = Release|Any CPU
	EndGlobalSection
	GlobalSection(SolutionProperties) = preSolution
		HideSolutionNode = FALSE
	EndGlobalSection
	GlobalSection(ExtensibilityGlobals) = postSolution
		SolutionGuid = {05A5D41C-D98E-4812-8EFD-F7519F990CE8}
	EndGlobalSection
EndGlobal
